
Microsoft Visual Studio Solution File, Format Version 12.00
# Visual Studio Version 17
VisualStudioVersion = 17.0.32112.339
MinimumVisualStudioVersion = 10.0.40219.1
Project("{FAE04EC0-301F-11D3-BF4B-00C04F79EFBC}") = "ConsoleApp1", "ConsoleApp1\ConsoleApp1.csproj", "{22D22B41-1886-4A04-B0E6-5723B3CAEDF7}"
EndProject
Project("{FAE04EC0-301F-11D3-BF4B-00C04F79EFBC}") = "Calculation", "Calculation\Calculation.csproj", "{C653ED5C-2D0F-4BBE-843A-E4D2E4D3C182}"
EndProject
Global
	GlobalSection(SolutionConfigurationPlatforms) = preSolution
		Debug|Any CPU = Debug|Any CPU
		Release|Any CPU = Release|Any CPU
	EndGlobalSection
	GlobalSection(ProjectConfigurationPlatforms) = postSolution
		{22D22B41-1886-4A04-B0E6-5723B3CAEDF7}.Debug|Any CPU.ActiveCfg = Debug|Any CPU
		{22D22B41-1886-4A04-B0E6-5723B3CAEDF7}.Debug|Any CPU.Build.0 = Debug|Any CPU
		{22D22B41-1886-4A04-B0E6-5723B3CAEDF7}.Release|Any CPU.ActiveCfg = Release|Any CPU
		{22D22B41-1886-4A04-B0E6-5723B3CAEDF7}.Release|Any CPU.Build.0 = Release|Any CPU
		{C653ED5C-2D0F-4BBE-843A-E4D2E4D3C182}.Debug|Any CPU.ActiveCfg = Debug|Any CPU
		{C653ED5C-2D0F-4BBE-843A-E4D2E4D3C182}.Debug|Any CPU.Build.0 = Debug|Any CPU
		{C653ED5C-2D0F-4BBE-843A-E4D2E4D3C182}.Release|Any CPU.ActiveCfg = Release|Any CPU
		{C653ED5C-2D0F-4BBE-843A-E4D2E4D3C182}.Release|Any CPU.Build.0 = Release|Any CPU
	EndGlobalSection
	GlobalSection(SolutionProperties) = preSolution
		HideSolutionNode = FALSE
	EndGlobalSection
	GlobalSection(ExtensibilityGlobals) = postSolution
		SolutionGuid = {B4D32DFB-AA15-4E0D-9EF7-7A9B254F8CE0}
	EndGlobalSection
EndGlobal
